{
  "nodes": {
    "crane": {
      "locked": {
        "lastModified": 1788465171,
        "narHash": "sha256-Y1/TTVXjYXGF068IThQH9fPSZ0SIE74PABlUxnWTUH0=",
        "owner": "ipetkov",
        "repo": "crane",
        "rev": "eb35abda9f232cc6610b1d1e3200d15c49b7ac54",
        "type": "github"
      },
      "original": {
        "owner": "ipetkov",
        "repo": "crane",
        "type": "github"
      }
    },
    "elegant-grub2-theme-src": {
      "flake": false,
      "locked": {
        "lastModified": 1782202092,
        "narHash": "sha256-4yPldMZ7g6FrGGvoF2oxvS6cGlM2X/ALX0mfq/Dax8c=",
        "owner": "vinceliuice",
        "repo": "Elegant-grub2-themes",
        "rev": "f8a8d41c8f306f8bdfae41db1a425cf0a2451477",
        "type": "github"
      },
      "original": {
        "owner": "vinceliuice",
        "repo": "Elegant-grub2-themes",
        "type": "github"
      }
    },
    "elegant-grub2-themes": {
      "inputs": {
        "elegant-grub2-theme-src": "elegant-grub2-theme-src",
        "nixpkgs": "nixpkgs"
      },
      "locked": {
        "lastModified": 1782202092,
        "narHash": "sha256-4yPldMZ7g6FrGGvoF2oxvS6cGlM2X/ALX0mfq/Dax8c=",
        "owner": "vinceliuice",
        "repo": "elegant-grub2-themes",
        "rev": "f8a8d41c8f306f8bdfae41db1a425cf0a2451477",
        "type": "github"
      },
      "original": {
        "owner": "vinceliuice",
        "repo": "elegant-grub2-themes",
        "type": "github"
      }
    },
    "flake-parts": {
      "inputs": {
        "nixpkgs-lib": [
          "nur",
          "nixpkgs"
        ]
      },
      "locked": {
        "lastModified": 1733312601,
        "narHash": "sha256-4pDvzqnegAfRkPwO3wmwBhVi/Sye1mzps0zHWYnP88c=",
        "owner": "hercules-ci",
        "repo": "flake-parts",
        "rev": "205b12d8b7cd4802fbcb8e8ef6a0f1408781a4f9",
        "type": "github"
      },
      "original": {
        "owner": "hercules-ci",
        "repo": "flake-parts",
        "type": "github"
      }
    },
    "flake-utils": {
      "inputs": {
        "systems": "systems"
      },
      "locked": {
        "lastModified": 1731533236,
        "narHash": "sha256-l0KFg5HjrsfsO/JpG+r7fRrqm12kzFHyUHqHCVpMMbI=",
        "owner": "numtide",
        "repo": "flake-utils",
        "rev": "11707dc2f618dd54ca8739b309ec4fc024de578b",
        "type": "github"
      },
      "original": {
        "owner": "numtide",
        "repo": "flake-utils",
        "type": "github"
      }
    },
    "flake-utils_2": {
      "inputs": {
        "systems": "systems_2"
      },
      "locked": {
        "lastModified": 1731533236,
        "narHash": "sha256-l0KFg5HjrsfsO/JpG+r7fRrqm12kzFHyUHqHCVpMMbI=",
        "owner": "numtide",
        "repo": "flake-utils",
        "rev": "11707dc2f618dd54ca8739b309ec4fc024de578b",
        "type": "github"
      },
      "original": {
        "owner": "numtide",
        "repo": "flake-utils",
        "type": "github"
      }
    },
    "flake-utils_3": {
      "inputs": {
        "systems": "systems_3"
      },
      "locked": {
        "lastModified": 1731533236,
        "narHash": "sha256-l0KFg5HjrsfsO/JpG+r7fRrqm12kzFHyUHqHCVpMMbI=",
        "owner": "numtide",
        "repo": "flake-utils",
        "rev": "11707dc2f618dd54ca8739b309ec4fc024de578b",
        "type": "github"
      },
      "original": {
        "owner": "numtide",
        "repo": "flake-utils",
        "type": "github"
      }
    },
    "home-manager": {
      "inputs": {
        "nixpkgs": [
          "nixpkgs"
        ]
      },
      "locked": {
        "lastModified": 1788317453,
        "narHash": "sha256-BTVJDWIuGa5ffxQEG5WujOOm3eXPw3gZX42Wvm32gb8=",
        "owner": "nix-community",
        "repo": "home-manager",
        "rev": "b8350fcdf54ccf553e46408053b1ac5b7038c18b",
        "type": "github"
      },
      "original": {
        "owner": "nix-community",
        "repo": "home-manager",
        "type": "github"
      }
    },
    "mark-shot": {
      "inputs": {
        "flake-utils": "flake-utils",
        "nixpkgs": [
          "nixpkgs"
        ]
      },
      "locked": {
        "lastModified": 1788088028,
        "narHash": "sha256-45vsxBaKQXe6o+9lBNhfLoUqfrZOngbeHz7Y6HfsJks=",
        "owner": "jswysnemc",
        "repo": "mark-shot",
        "rev": "56532391da21e086aa56a875caa3d28a0b136a94",
        "type": "github"
      },
      "original": {
        "owner": "jswysnemc",
        "repo": "mark-shot",
        "type": "github"
      }
    },
    "nixpkgs": {
      "locked": {
        "lastModified": 1788179007,
        "narHash": "sha256-hn1oU2rue2SYK8dAr8+WNZWtbsz1S2W5mnHlSEuh3bo=",
        "owner": "NixOS",
        "repo": "nixpkgs",
        "rev": "34ab99075ac4f7e40cf037eef32cb1c360bb85e9",
        "type": "github"
      },
      "original": {
        "owner": "NixOS",
        "ref": "nixos-unstable",
        "repo": "nixpkgs",
        "type": "github"
      }
    },
    "nixpkgs-26_05": {
      "locked": {
        "lastModified": 1788405554,
        "narHash": "sha256-r2f1oUwixlgq9zOdYLqJLfS/lWBT60/IITjhTKI59JU=",
        "owner": "NixOS",
        "repo": "nixpkgs",
        "rev": "a5cc6f2c37bf518436dc8d1c288ccd0c43c2f4c4",
        "type": "github"
      },
      "original": {
        "owner": "NixOS",
        "ref": "nixos-26.05",
        "repo": "nixpkgs",
        "type": "github"
      }
    },
    "nixpkgs_2": {
      "locked": {
        "lastModified": 1788179007,
        "narHash": "sha256-hn1oU2rue2SYK8dAr8+WNZWtbsz1S2W5mnHlSEuh3bo=",
        "owner": "NixOS",
        "repo": "nixpkgs",
        "rev": "34ab99075ac4f7e40cf037eef32cb1c360bb85e9",
        "type": "github"
      },
      "original": {
        "owner": "NixOS",
        "ref": "nixos-unstable",
        "repo": "nixpkgs",
        "type": "github"
      }
    },
    "nixpkgs_3": {
      "locked": {
        "lastModified": 1788179007,
        "narHash": "sha256-hn1oU2rue2SYK8dAr8+WNZWtbsz1S2W5mnHlSEuh3bo=",
        "owner": "nixos",
        "repo": "nixpkgs",
        "rev": "34ab99075ac4f7e40cf037eef32cb1c360bb85e9",
        "type": "github"
      },
      "original": {
        "owner": "nixos",
        "ref": "nixos-unstable",
        "repo": "nixpkgs",
        "type": "github"
      }
    },
    "nur": {
      "inputs": {
        "flake-parts": "flake-parts",
        "nixpkgs": "nixpkgs_3"
      },
      "locked": {
        "lastModified": 1788397925,
        "narHash": "sha256-5TMmwpwbrLe0PdNm+11DLuXCa7+ug/iJ9ohPhBI4IKY=",
        "owner": "nix-community",
        "repo": "NUR",
        "rev": "5268e6f94dd7f347d43b48cc83d13a06405f3ee5",
        "type": "github"
      },
      "original": {
        "owner": "nix-community",
        "repo": "NUR",
        "type": "github"
      }
    },
    "root": {
      "inputs": {
        "elegant-grub2-themes": "elegant-grub2-themes",
        "home-manager": "home-manager",
        "mark-shot": "mark-shot",
        "nixpkgs": "nixpkgs_2",
        "nixpkgs-26_05": "nixpkgs-26_05",
        "nur": "nur",
        "rproc": "rproc",
        "silentSDDM": "silentSDDM",
        "tuxManager": "tuxManager"
      }
    },
    "rproc": {
      "inputs": {
        "crane": "crane",
        "flake-utils": "flake-utils_2",
        "nixpkgs": [
          "nixpkgs"
        ]
      },
      "locked": {
        "lastModified": 1781195779,
        "narHash": "sha256-PX4tMFLvDKYN0jL9b6vxWZ5exNe+p2xkWL36qIzC+VA=",
        "owner": "trystan-sa",
        "repo": "rproc",
        "rev": "9d53a25b31d00db240ed7fbcc3f3f41e54e3e4aa",
        "type": "github"
      },
      "original": {
        "owner": "trystan-sa",
        "repo": "rproc",
        "type": "github"
      }
    },
    "silentSDDM": {
      "inputs": {
        "nixpkgs": [
          "nixpkgs"
        ]
      },
      "locked": {
        "lastModified": 1785353884,
        "narHash": "sha256-UYAP/sPJxG95tN6a4VNTcskY54ud2sIQKrTzTLioGv0=",
        "owner": "uiriansan",
        "repo": "SilentSDDM",
        "rev": "0dc4386ef570659537b480f4b226b3b6f2699948",
        "type": "github"
      },
      "original": {
        "owner": "uiriansan",
        "repo": "SilentSDDM",
        "type": "github"
      }
    },
    "systems": {
      "locked": {
        "lastModified": 1681028828,
        "narHash": "sha256-Vy1rq5AaRuLzOxct8nz4T6wlgyUR7zLU309k9mBC768=",
        "owner": "nix-systems",
        "repo": "default",
        "rev": "da67096a3b9bf56a91d16901293e51ba5b49a27e",
        "type": "github"
      },
      "original": {
        "owner": "nix-systems",
        "repo": "default",
        "type": "github"
      }
    },
    "systems_2": {
      "locked": {
        "lastModified": 1681028828,
        "narHash": "sha256-Vy1rq5AaRuLzOxct8nz4T6wlgyUR7zLU309k9mBC768=",
        "owner": "nix-systems",
        "repo": "default",
        "rev": "da67096a3b9bf56a91d16901293e51ba5b49a27e",
        "type": "github"
      },
      "original": {
        "owner": "nix-systems",
        "repo": "default",
        "type": "github"
      }
    },
    "systems_3": {
      "locked": {
        "lastModified": 1681028828,
        "narHash": "sha256-Vy1rq5AaRuLzOxct8nz4T6wlgyUR7zLU309k9mBC768=",
        "owner": "nix-systems",
        "repo": "default",
        "rev": "da67096a3b9bf56a91d16901293e51ba5b49a27e",
        "type": "github"
      },
      "original": {
        "owner": "nix-systems",
        "repo": "default",
        "type": "github"
      }
    },
    "tuxManager": {
      "inputs": {
        "flake-utils": "flake-utils_3",
        "nixpkgs": [
          "nixpkgs"
        ]
      },
      "locked": {
        "lastModified": 1788274689,
        "narHash": "sha256-UBnA9XEqpDzKmKGplbXp3x0rXtr4GjUM5W5icVYBqS4=",
        "owner": "benapetr",
        "repo": "TuxManager",
        "rev": "8fee70644330cf9498531f5f33e6334fff39f1a6",
        "type": "github"
      },
      "original": {
        "owner": "benapetr",
        "repo": "TuxManager",
        "type": "github"
      }
    }
  },
  "root": "root",
  "version": 7
}
